{
  "name": "three-js-cutdown-viewer",
  "version": "1.0.0",
  "lockfileVersion": 1,
  "requires": true,
  "dependencies": {
    "file-saver": {
      "version": "2.0.2",
      "resolved": "https://registry.npmjs.org/file-saver/-/file-saver-2.0.2.tgz",
      "integrity": "sha512-Wz3c3XQ5xroCxd1G8b7yL0Ehkf0TC9oYC6buPFkNnU9EnaPlifeAFCyCh+iewXTyFRcg0a6j3J7FmJsIhlhBdw=="
    },
    "three": {
      "version": "0.105.1",
      "resolved": "https://registry.npmjs.org/three/-/three-0.105.1.tgz",
      "integrity": "sha512-Oa6dfF3qsgS/mmeNB+nKgcQBq71Ucxv8TdmVS+lNjLzG/GAIgvrTDTKmtvxXd7tXDv7RXmEprcmzO3JiT0UDsA=="
    }
  }
}
